# This file is autogenerated, do not edit; changes may be undone by the next 'dep ensure'.


[[projects]]
  name = "github.com/nicholasjackson/rcswitch"
  packages = ["."]
  revision = "f240c39de94b6647a39a5b441cb0732d2885be3b"
  version = "0.1"

[[projects]]
  name = "periph.io/x/periph"
  packages = [
    ".",
    "conn",
    "conn/gpio",
    "conn/gpio/gpioreg",
    "conn/i2c",
    "conn/i2c/i2creg",
    "conn/pin",
    "conn/pin/pinreg",
    "conn/spi",
    "conn/spi/spireg",
    "devices",
    "host",
    "host/allwinner",
    "host/bcm283x",
    "host/chip",
    "host/cpu",
    "host/distro",
    "host/fs",
    "host/odroidc1",
    "host/pine64",
    "host/pmem",
    "host/rpi",
    "host/sysfs",
    "host/videocore"
  ]
  revision = "bdb4e4c4979bc79ee8c99e6432bd16519d7902a1"
  version = "v2.1.0"

[solve-meta]
  analyzer-name = "dep"
  analyzer-version = 1
  inputs-digest = "fa976c7f61d61a83703bd6b54354716f4ad42c9dc3f88ea1252439eb78596e04"
  solver-name = "gps-cdcl"
  solver-version = 1
